
Microsoft Visual Studio Solution File, Format Version 12.00
# Visual Studio Version 17
VisualStudioVersion = 17.6.33829.357
MinimumVisualStudioVersion = 10.0.40219.1
Project("{FAE04EC0-301F-11D3-BF4B-00C04F79EFBC}") = "BookStore", "BookStore\BookStore.csproj", "{11FDCF8F-EF37-44A8-8165-DAF038D03B76}"
EndProject
Global
	GlobalSection(SolutionConfigurationPlatforms) = preSolution
		Debug|Any CPU = Debug|Any CPU
		Release|Any CPU = Release|Any CPU
	EndGlobalSection
	GlobalSection(ProjectConfigurationPlatforms) = postSolution
		{11FDCF8F-EF37-44A8-8165-DAF038D03B76}.Debug|Any CPU.ActiveCfg = Debug|Any CPU
		{11FDCF8F-EF37-44A8-8165-DAF038D03B76}.Debug|Any CPU.Build.0 = Debug|Any CPU
		{11FDCF8F-EF37-44A8-8165-DAF038D03B76}.Release|Any CPU.ActiveCfg = Release|Any CPU
		{11FDCF8F-EF37-44A8-8165-DAF038D03B76}.Release|Any CPU.Build.0 = Release|Any CPU
	EndGlobalSection
	GlobalSection(SolutionProperties) = preSolution
		HideSolutionNode = FALSE
	EndGlobalSection
	GlobalSection(ExtensibilityGlobals) = postSolution
		SolutionGuid = {3192E631-2C28-4A3B-8240-146079E7E8B0}
	EndGlobalSection
EndGlobal
